
Microsoft Visual Studio Solution File, Format Version 12.00
# Visual Studio Version 17
VisualStudioVersion = 17.5.002.0
MinimumVisualStudioVersion = 10.0.40219.1
Project("{9A19103F-16F7-4668-BE54-9A1E7A4F7556}") = "testforgit", "testforgit.csproj", "{C51B5AB0-E08F-4374-965C-E2B427E2DC84}"
EndProject
Global
	GlobalSection(SolutionConfigurationPlatforms) = preSolution
		Debug|Any CPU = Debug|Any CPU
		Release|Any CPU = Release|Any CPU
	EndGlobalSection
	GlobalSection(ProjectConfigurationPlatforms) = postSolution
		{C51B5AB0-E08F-4374-965C-E2B427E2DC84}.Debug|Any CPU.ActiveCfg = Debug|Any CPU
		{C51B5AB0-E08F-4374-965C-E2B427E2DC84}.Debug|Any CPU.Build.0 = Debug|Any CPU
		{C51B5AB0-E08F-4374-965C-E2B427E2DC84}.Release|Any CPU.ActiveCfg = Release|Any CPU
		{C51B5AB0-E08F-4374-965C-E2B427E2DC84}.Release|Any CPU.Build.0 = Release|Any CPU
	EndGlobalSection
	GlobalSection(SolutionProperties) = preSolution
		HideSolutionNode = FALSE
	EndGlobalSection
	GlobalSection(ExtensibilityGlobals) = postSolution
		SolutionGuid = {DCEDA7E5-5C34-42A8-8A3F-79FD911F513E}
	EndGlobalSection
EndGlobal
